<?xml version="1.0" encoding="utf-8"?>
<Project ToolsVersion="4.0" xmlns="http://schemas.microsoft.com/developer/msbuild/2003">
  <ItemGroup>
    <Filter Include="Source Files">
      <UniqueIdentifier>{4FC737F1-C7A5-4376-A066-2A32D752A2FF}</UniqueIdentifier>
      <Extensions>cpp;c;cc;cxx;def;odl;idl;hpj;bat;asm;asmx</Extensions>
    </Filter>
    <Filter Include="Header Files">
      <UniqueIdentifier>{93995380-89BD-4b04-88EB-625FBE52EBFB}</UniqueIdentifier>
      <Extensions>h;hh;hpp;hxx;hm;inl;inc;xsd</Extensions>
    </Filter>
    <Filter Include="Misc Files">
      <UniqueIdentifier>{67DA6AB6-F800-4c08-8B7A-83BB121AAD01}</UniqueIdentifier>
      <Extensions>xml;json;txt;rc;ico;cur;bmp;dlg;rc2;rct;bin;rgs;gif;jpg;jpeg;jpe;resx;tiff;tif;png;wav;mfcribbon-ms</Extensions>
    </Filter>
  </ItemGroup>
  <ItemGroup>
    <None Include="src\arduino folders read me.txt">
      <Filter>Misc Files</Filter>
    </None>
    <None Include="StmCoordinator.ino" />
  </ItemGroup>
  <ItemGroup>
    <ClCompile Include="AgentBuffer.cpp">
      <Filter>Source Files</Filter>
    </ClCompile>
    <ClCompile Include="AgentMsg.cpp">
      <Filter>Source Files</Filter>
    </ClCompile>
    <ClCompile Include="AgentProtocol.cpp">
      <Filter>Source Files</Filter>
    </ClCompile>
    <ClCompile Include="BaseBuffer.cpp">
      <Filter>Source Files</Filter>
    </ClCompile>
    <ClCompile Include="Coordinator.cpp">
      <Filter>Source Files</Filter>
    </ClCompile>
    <ClCompile Include="CtrlComponent.cpp">
      <Filter>Source Files</Filter>
    </ClCompile>
    <ClCompile Include="DevBoardESP8266.cpp">
      <Filter>Source Files</Filter>
    </ClCompile>
  </ItemGroup>
  <ItemGroup>
    <ClInclude Include="AgentBuffer.h">
      <Filter>Header Files</Filter>
    </ClInclude>
    <ClInclude Include="AgentMsg.h">
      <Filter>Header Files</Filter>
    </ClInclude>
    <ClInclude Include="AgentProtocol.h">
      <Filter>Header Files</Filter>
    </ClInclude>
    <ClInclude Include="BaseBuffer.h">
      <Filter>Header Files</Filter>
    </ClInclude>
    <ClInclude Include="Coordinator.h">
      <Filter>Header Files</Filter>
    </ClInclude>
    <ClInclude Include="CtrlComponent.h">
      <Filter>Header Files</Filter>
    </ClInclude>
    <ClInclude Include="DevBoardESP8266.h">
      <Filter>Header Files</Filter>
    </ClInclude>
  </ItemGroup>
</Project>